# This file is automatically @generated by Cargo.
# It is not intended for manual editing.
version = 4

[[package]]
name = "html_parser"
version = "0.1.0"
source = "git+https://github.com/t-webber/html-parser#7dd8725cfc3724589ee09743ab72983804e418b4"

[[package]]
name = "words"
version = "0.1.0"
dependencies = [
 "html_parser",
]
